
Microsoft Visual Studio Solution File, Format Version 12.00
# Visual Studio Version 17
VisualStudioVersion = 17.9.34723.18
MinimumVisualStudioVersion = 10.0.40219.1
Project("{FAE04EC0-301F-11D3-BF4B-00C04F79EFBC}") = "KisiselSaglikTakip", "KisiselSaglikTakip\KisiselSaglikTakip.csproj", "{AE87BEA4-4181-42D8-A76B-8825888502F5}"
EndProject
Global
	GlobalSection(SolutionConfigurationPlatforms) = preSolution
		Debug|Any CPU = Debug|Any CPU
		Release|Any CPU = Release|Any CPU
	EndGlobalSection
	GlobalSection(ProjectConfigurationPlatforms) = postSolution
		{AE87BEA4-4181-42D8-A76B-8825888502F5}.Debug|Any CPU.ActiveCfg = Debug|Any CPU
		{AE87BEA4-4181-42D8-A76B-8825888502F5}.Debug|Any CPU.Build.0 = Debug|Any CPU
		{AE87BEA4-4181-42D8-A76B-8825888502F5}.Release|Any CPU.ActiveCfg = Release|Any CPU
		{AE87BEA4-4181-42D8-A76B-8825888502F5}.Release|Any CPU.Build.0 = Release|Any CPU
	EndGlobalSection
	GlobalSection(SolutionProperties) = preSolution
		HideSolutionNode = FALSE
	EndGlobalSection
	GlobalSection(ExtensibilityGlobals) = postSolution
		SolutionGuid = {672A9A84-0E77-4CF5-B898-DB5432135001}
	EndGlobalSection
EndGlobal
